// !$*UTF8*$!
{
	archiveVersion = 1;
	classes = {
	};
	objectVersion = 56;
	objects = {

/* Begin PBXBuildFile section */
		6D2614142BFB5FEC00A934DE /* AlertError.swift in Sources */ = {isa = PBXBuildFile; fileRef = 6D2614132BFB5FEC00A934DE /* AlertError.swift */; };
		6D2614162BFB604A00A934DE /* AlertHint.swift in Sources */ = {isa = PBXBuildFile; fileRef = 6D2614152BFB604A00A934DE /* AlertHint.swift */; };
		6D2614182BFB640000A934DE /* BaseAlertType.swift in Sources */ = {isa = PBXBuildFile; fileRef = 6D2614172BFB640000A934DE /* BaseAlertType.swift */; };
		6D26141B2BFB691000A934DE /* AppAlert.swift in Sources */ = {isa = PBXBuildFile; fileRef = 6D26141A2BFB691000A934DE /* AppAlert.swift */; };
		6D3559DB2C11B0ED001E4E9F /* GoogleService-Info.plist in Resources */ = {isa = PBXBuildFile; fileRef = 6D3559DA2C11B0ED001E4E9F /* GoogleService-Info.plist */; };
		6D36A8372BD3CDD700F238EC /* FeedYourPassionsApp.swift in Sources */ = {isa = PBXBuildFile; fileRef = 6D36A8362BD3CDD700F238EC /* FeedYourPassionsApp.swift */; };
		6D36A8392BD3CDD700F238EC /* CategoriesListView.swift in Sources */ = {isa = PBXBuildFile; fileRef = 6D36A8382BD3CDD700F238EC /* CategoriesListView.swift */; };
		6D36A83B2BD3CDD800F238EC /* Assets.xcassets in Resources */ = {isa = PBXBuildFile; fileRef = 6D36A83A2BD3CDD800F238EC /* Assets.xcassets */; };
		6D37C6B92BD416C9003B1DA0 /* CategoryView.swift in Sources */ = {isa = PBXBuildFile; fileRef = 6D37C6B82BD416C9003B1DA0 /* CategoryView.swift */; };
		6D37C6C42BD42D94003B1DA0 /* CategoriesListViewModel.swift in Sources */ = {isa = PBXBuildFile; fileRef = 6D37C6C32BD42D94003B1DA0 /* CategoriesListViewModel.swift */; };
		6D37C6C72BD42DC8003B1DA0 /* CategoriesListViewModelTests.swift in Sources */ = {isa = PBXBuildFile; fileRef = 6D37C6C62BD42DC8003B1DA0 /* CategoriesListViewModelTests.swift */; };
		6D37C6CA2BD51B5A003B1DA0 /* Factory in Frameworks */ = {isa = PBXBuildFile; productRef = 6D37C6C92BD51B5A003B1DA0 /* Factory */; };
		6D37C6CE2BD51BD4003B1DA0 /* CategoriesController.swift in Sources */ = {isa = PBXBuildFile; fileRef = 6D37C6CD2BD51BD4003B1DA0 /* CategoriesController.swift */; };
		6D37C6D02BD51C07003B1DA0 /* AppCategoriesController.swift in Sources */ = {isa = PBXBuildFile; fileRef = 6D37C6CF2BD51C07003B1DA0 /* AppCategoriesController.swift */; };
		6D37C6FB2BD66532003B1DA0 /* Passion.swift in Sources */ = {isa = PBXBuildFile; fileRef = 6D37C6F92BD66532003B1DA0 /* Passion.swift */; };
		6D37C6FC2BD66532003B1DA0 /* PassionCategory.swift in Sources */ = {isa = PBXBuildFile; fileRef = 6D37C6FA2BD66532003B1DA0 /* PassionCategory.swift */; };
		6D37C6FF2BD665ED003B1DA0 /* Meteor in Frameworks */ = {isa = PBXBuildFile; productRef = 6D37C6FE2BD665ED003B1DA0 /* Meteor */; };
		6D37C7152BD79658003B1DA0 /* CategoryDetailView.swift in Sources */ = {isa = PBXBuildFile; fileRef = 6D37C7142BD79658003B1DA0 /* CategoryDetailView.swift */; };
		6D37C71C2BD79901003B1DA0 /* AsyncResource.swift in Sources */ = {isa = PBXBuildFile; fileRef = 6D37C71B2BD79901003B1DA0 /* AsyncResource.swift */; };
		6D5964A62C10748500A4C66D /* AuthenticationForm.swift in Sources */ = {isa = PBXBuildFile; fileRef = 6D5964A52C10748500A4C66D /* AuthenticationForm.swift */; };
		6D5964A82C10833200A4C66D /* String+Extensions.swift in Sources */ = {isa = PBXBuildFile; fileRef = 6D5964A72C10833200A4C66D /* String+Extensions.swift */; };
		6D5964AD2C1084DF00A4C66D /* ExternalLinkProvider.swift in Sources */ = {isa = PBXBuildFile; fileRef = 6D5964AC2C1084DF00A4C66D /* ExternalLinkProvider.swift */; };
		6D5964B62C10A03200A4C66D /* SettingsUIState.swift in Sources */ = {isa = PBXBuildFile; fileRef = 6D5964B52C10A03200A4C66D /* SettingsUIState.swift */; };
		6D5964B82C10A2E600A4C66D /* SettingsViewModel.swift in Sources */ = {isa = PBXBuildFile; fileRef = 6D5964B72C10A2E600A4C66D /* SettingsViewModel.swift */; };
		6D5964BA2C10A51800A4C66D /* SettingsScreen.swift in Sources */ = {isa = PBXBuildFile; fileRef = 6D5964B92C10A51800A4C66D /* SettingsScreen.swift */; };
		6D5964BC2C10A53300A4C66D /* SettingsView.swift in Sources */ = {isa = PBXBuildFile; fileRef = 6D5964BB2C10A53300A4C66D /* SettingsView.swift */; };
		6D5964BE2C10B52600A4C66D /* EdgeInsets+Extensions.swift in Sources */ = {isa = PBXBuildFile; fileRef = 6D5964BD2C10B52600A4C66D /* EdgeInsets+Extensions.swift */; };
		6D5964C22C10B55300A4C66D /* EdgeInsets+ExtensionsTests.swift in Sources */ = {isa = PBXBuildFile; fileRef = 6D5964C12C10B55300A4C66D /* EdgeInsets+ExtensionsTests.swift */; };
		6D59FB772BDA52BD00D0C087 /* Alerter.swift in Sources */ = {isa = PBXBuildFile; fileRef = 6D59FB762BDA52BD00D0C087 /* Alerter.swift */; };
		6D59FB7A2BDAE01300D0C087 /* CategoryDetailViewModel.swift in Sources */ = {isa = PBXBuildFile; fileRef = 6D59FB792BDAE01300D0C087 /* CategoryDetailViewModel.swift */; };
		6D59FB7E2BDC013200D0C087 /* CategoryDetailController.swift in Sources */ = {isa = PBXBuildFile; fileRef = 6D59FB7D2BDC013200D0C087 /* CategoryDetailController.swift */; };
		6D59FB802BDC019B00D0C087 /* AppCategoryDetailController.swift in Sources */ = {isa = PBXBuildFile; fileRef = 6D59FB7F2BDC019B00D0C087 /* AppCategoryDetailController.swift */; };
		6D59FB822BDD468100D0C087 /* PassionView.swift in Sources */ = {isa = PBXBuildFile; fileRef = 6D59FB812BDD468100D0C087 /* PassionView.swift */; };
		6D59FB842BDD46C500D0C087 /* PassionViewModel.swift in Sources */ = {isa = PBXBuildFile; fileRef = 6D59FB832BDD46C500D0C087 /* PassionViewModel.swift */; };
		6D64E4EE2BF77BD600C18963 /* SessionController.swift in Sources */ = {isa = PBXBuildFile; fileRef = 6D64E4ED2BF77BD600C18963 /* SessionController.swift */; };
		6D64E4F02BF77C3F00C18963 /* AppSessionController.swift in Sources */ = {isa = PBXBuildFile; fileRef = 6D64E4EF2BF77C3F00C18963 /* AppSessionController.swift */; };
		6D698C9F2BE4E6C400A8FFD5 /* CategoriesListUIState.swift in Sources */ = {isa = PBXBuildFile; fileRef = 6D698C9E2BE4E6C400A8FFD5 /* CategoriesListUIState.swift */; };
		6D698CA12BE4EF1E00A8FFD5 /* CategoriesListScreen.swift in Sources */ = {isa = PBXBuildFile; fileRef = 6D698CA02BE4EF1E00A8FFD5 /* CategoriesListScreen.swift */; };
		6D7A7F7B2BEE492B0001F60A /* FirebaseAuth in Frameworks */ = {isa = PBXBuildFile; productRef = 6D7A7F7A2BEE492B0001F60A /* FirebaseAuth */; };
		6D7A7F7D2BEE492B0001F60A /* FirebaseFirestore in Frameworks */ = {isa = PBXBuildFile; productRef = 6D7A7F7C2BEE492B0001F60A /* FirebaseFirestore */; };
		6D7A7F7F2BEE492B0001F60A /* FirebaseFirestoreCombine-Community in Frameworks */ = {isa = PBXBuildFile; productRef = 6D7A7F7E2BEE492B0001F60A /* FirebaseFirestoreCombine-Community */; };
		6D7A7F812BEE492B0001F60A /* FirebaseFirestoreSwift in Frameworks */ = {isa = PBXBuildFile; productRef = 6D7A7F802BEE492B0001F60A /* FirebaseFirestoreSwift */; };
		6DB500DE2BFFDF0A004DA8C5 /* AlertConfirmation.swift in Sources */ = {isa = PBXBuildFile; fileRef = 6DB500DD2BFFDF0A004DA8C5 /* AlertConfirmation.swift */; };
		6DB501072C0105A0004DA8C5 /* PassionColorPickerView.swift in Sources */ = {isa = PBXBuildFile; fileRef = 6DB501062C0105A0004DA8C5 /* PassionColorPickerView.swift */; };
		6DB5010A2C01081B004DA8C5 /* Color+Extensions.swift in Sources */ = {isa = PBXBuildFile; fileRef = 6DB501092C01081B004DA8C5 /* Color+Extensions.swift */; };
		6DB5010F2C03BB3C004DA8C5 /* DBCollectionKeys.swift in Sources */ = {isa = PBXBuildFile; fileRef = 6DB5010E2C03BB3C004DA8C5 /* DBCollectionKeys.swift */; };
		6DB501152C03C4E9004DA8C5 /* PassionRecord.swift in Sources */ = {isa = PBXBuildFile; fileRef = 6DB501142C03C4E9004DA8C5 /* PassionRecord.swift */; };
		6DC39E8F2C0B67A40061FFBE /* GoogleAuthenticator.swift in Sources */ = {isa = PBXBuildFile; fileRef = 6DC39E8E2C0B67A40061FFBE /* GoogleAuthenticator.swift */; };
		6DC39E922C0B67CE0061FFBE /* GoogleSignIn in Frameworks */ = {isa = PBXBuildFile; productRef = 6DC39E912C0B67CE0061FFBE /* GoogleSignIn */; };
		6DC39E952C0B6DCA0061FFBE /* AppRootViewModel.swift in Sources */ = {isa = PBXBuildFile; fileRef = 6DC39E942C0B6DCA0061FFBE /* AppRootViewModel.swift */; };
		6DC39E972C0B6DEC0061FFBE /* AppRootUIState.swift in Sources */ = {isa = PBXBuildFile; fileRef = 6DC39E962C0B6DEC0061FFBE /* AppRootUIState.swift */; };
		6DC39E9C2C0B87000061FFBE /* AuthenticationScreen.swift in Sources */ = {isa = PBXBuildFile; fileRef = 6DC39E9B2C0B87000061FFBE /* AuthenticationScreen.swift */; };
		6DC39E9E2C0B87130061FFBE /* AuthenticationView.swift in Sources */ = {isa = PBXBuildFile; fileRef = 6DC39E9D2C0B87130061FFBE /* AuthenticationView.swift */; };
		6DC39EA02C0B872D0061FFBE /* AuthenticationUIState.swift in Sources */ = {isa = PBXBuildFile; fileRef = 6DC39E9F2C0B872D0061FFBE /* AuthenticationUIState.swift */; };
		6DC39EA22C0B874A0061FFBE /* AuthenticationViewModel.swift in Sources */ = {isa = PBXBuildFile; fileRef = 6DC39EA12C0B874A0061FFBE /* AuthenticationViewModel.swift */; };
		6DC39EA52C0B88210061FFBE /* GoogleSignInButton.swift in Sources */ = {isa = PBXBuildFile; fileRef = 6DC39EA42C0B88210061FFBE /* GoogleSignInButton.swift */; };
		6DE73CD62BE296F200DB3106 /* NewPassionView.swift in Sources */ = {isa = PBXBuildFile; fileRef = 6DE73CD52BE296F200DB3106 /* NewPassionView.swift */; };
		6DE73CD92BE2A64800DB3106 /* NewPassionViewModel.swift in Sources */ = {isa = PBXBuildFile; fileRef = 6DE73CD82BE2A64800DB3106 /* NewPassionViewModel.swift */; };
		6DE73CDB2BE2A66100DB3106 /* NewPassionUIState.swift in Sources */ = {isa = PBXBuildFile; fileRef = 6DE73CDA2BE2A66100DB3106 /* NewPassionUIState.swift */; };
		6DE73CDD2BE2A67E00DB3106 /* NewPassionScreen.swift in Sources */ = {isa = PBXBuildFile; fileRef = 6DE73CDC2BE2A67E00DB3106 /* NewPassionScreen.swift */; };
		6DE73CDF2BE2A6A200DB3106 /* CategoryDetailScreen.swift in Sources */ = {isa = PBXBuildFile; fileRef = 6DE73CDE2BE2A6A200DB3106 /* CategoryDetailScreen.swift */; };
		6DE73CE22BE2A6E700DB3106 /* CategoryDetailUIState.swift in Sources */ = {isa = PBXBuildFile; fileRef = 6DE73CE12BE2A6E700DB3106 /* CategoryDetailUIState.swift */; };
/* End PBXBuildFile section */

/* Begin PBXContainerItemProxy section */
		6D36A8442BD3CDD800F238EC /* PBXContainerItemProxy */ = {
			isa = PBXContainerItemProxy;
			containerPortal = 6D36A82B2BD3CDD700F238EC /* Project object */;
			proxyType = 1;
			remoteGlobalIDString = 6D36A8322BD3CDD700F238EC;
			remoteInfo = FeedYourPassions;
		};
/* End PBXContainerItemProxy section */

/* Begin PBXFileReference section */
		6D2614132BFB5FEC00A934DE /* AlertError.swift */ = {isa = PBXFileReference; lastKnownFileType = sourcecode.swift; path = AlertError.swift; sourceTree = "<group>"; };
		6D2614152BFB604A00A934DE /* AlertHint.swift */ = {isa = PBXFileReference; lastKnownFileType = sourcecode.swift; path = AlertHint.swift; sourceTree = "<group>"; };
		6D2614172BFB640000A934DE /* BaseAlertType.swift */ = {isa = PBXFileReference; lastKnownFileType = sourcecode.swift; path = BaseAlertType.swift; sourceTree = "<group>"; };
		6D26141A2BFB691000A934DE /* AppAlert.swift */ = {isa = PBXFileReference; lastKnownFileType = sourcecode.swift; path = AppAlert.swift; sourceTree = "<group>"; };
		6D3559DA2C11B0ED001E4E9F /* GoogleService-Info.plist */ = {isa = PBXFileReference; fileEncoding = 4; lastKnownFileType = text.plist.xml; path = "GoogleService-Info.plist"; sourceTree = "<group>"; };
		6D36A8332BD3CDD700F238EC /* Grouap.app */ = {isa = PBXFileReference; explicitFileType = wrapper.application; includeInIndex = 0; path = Grouap.app; sourceTree = BUILT_PRODUCTS_DIR; };
		6D36A8362BD3CDD700F238EC /* FeedYourPassionsApp.swift */ = {isa = PBXFileReference; lastKnownFileType = sourcecode.swift; path = FeedYourPassionsApp.swift; sourceTree = "<group>"; };
		6D36A8382BD3CDD700F238EC /* CategoriesListView.swift */ = {isa = PBXFileReference; lastKnownFileType = sourcecode.swift; path = CategoriesListView.swift; sourceTree = "<group>"; };
		6D36A83A2BD3CDD800F238EC /* Assets.xcassets */ = {isa = PBXFileReference; lastKnownFileType = folder.assetcatalog; path = Assets.xcassets; sourceTree = "<group>"; };
		6D36A8432BD3CDD800F238EC /* FeedYourPassionsTests.xctest */ = {isa = PBXFileReference; explicitFileType = wrapper.cfbundle; includeInIndex = 0; path = FeedYourPassionsTests.xctest; sourceTree = BUILT_PRODUCTS_DIR; };
		6D37C6B82BD416C9003B1DA0 /* CategoryView.swift */ = {isa = PBXFileReference; lastKnownFileType = sourcecode.swift; path = CategoryView.swift; sourceTree = "<group>"; };
		6D37C6C32BD42D94003B1DA0 /* CategoriesListViewModel.swift */ = {isa = PBXFileReference; lastKnownFileType = sourcecode.swift; path = CategoriesListViewModel.swift; sourceTree = "<group>"; };
		6D37C6C62BD42DC8003B1DA0 /* CategoriesListViewModelTests.swift */ = {isa = PBXFileReference; lastKnownFileType = sourcecode.swift; path = CategoriesListViewModelTests.swift; sourceTree = "<group>"; };
		6D37C6CD2BD51BD4003B1DA0 /* CategoriesController.swift */ = {isa = PBXFileReference; lastKnownFileType = sourcecode.swift; path = CategoriesController.swift; sourceTree = "<group>"; };
		6D37C6CF2BD51C07003B1DA0 /* AppCategoriesController.swift */ = {isa = PBXFileReference; lastKnownFileType = sourcecode.swift; path = AppCategoriesController.swift; sourceTree = "<group>"; };
		6D37C6F92BD66532003B1DA0 /* Passion.swift */ = {isa = PBXFileReference; fileEncoding = 4; lastKnownFileType = sourcecode.swift; path = Passion.swift; sourceTree = "<group>"; };
		6D37C6FA2BD66532003B1DA0 /* PassionCategory.swift */ = {isa = PBXFileReference; fileEncoding = 4; lastKnownFileType = sourcecode.swift; path = PassionCategory.swift; sourceTree = "<group>"; };
		6D37C7142BD79658003B1DA0 /* CategoryDetailView.swift */ = {isa = PBXFileReference; lastKnownFileType = sourcecode.swift; path = CategoryDetailView.swift; sourceTree = "<group>"; };
		6D37C71B2BD79901003B1DA0 /* AsyncResource.swift */ = {isa = PBXFileReference; lastKnownFileType = sourcecode.swift; path = AsyncResource.swift; sourceTree = "<group>"; };
		6D5964A52C10748500A4C66D /* AuthenticationForm.swift */ = {isa = PBXFileReference; lastKnownFileType = sourcecode.swift; path = AuthenticationForm.swift; sourceTree = "<group>"; };
		6D5964A72C10833200A4C66D /* String+Extensions.swift */ = {isa = PBXFileReference; lastKnownFileType = sourcecode.swift; path = "String+Extensions.swift"; sourceTree = "<group>"; };
		6D5964AC2C1084DF00A4C66D /* ExternalLinkProvider.swift */ = {isa = PBXFileReference; lastKnownFileType = sourcecode.swift; path = ExternalLinkProvider.swift; sourceTree = "<group>"; };
		6D5964B02C109B6F00A4C66D /* Info.plist */ = {isa = PBXFileReference; lastKnownFileType = text.plist; path = Info.plist; sourceTree = "<group>"; };
		6D5964B52C10A03200A4C66D /* SettingsUIState.swift */ = {isa = PBXFileReference; lastKnownFileType = sourcecode.swift; path = SettingsUIState.swift; sourceTree = "<group>"; };
		6D5964B72C10A2E600A4C66D /* SettingsViewModel.swift */ = {isa = PBXFileReference; lastKnownFileType = sourcecode.swift; path = SettingsViewModel.swift; sourceTree = "<group>"; };
		6D5964B92C10A51800A4C66D /* SettingsScreen.swift */ = {isa = PBXFileReference; lastKnownFileType = sourcecode.swift; path = SettingsScreen.swift; sourceTree = "<group>"; };
		6D5964BB2C10A53300A4C66D /* SettingsView.swift */ = {isa = PBXFileReference; lastKnownFileType = sourcecode.swift; path = SettingsView.swift; sourceTree = "<group>"; };
		6D5964BD2C10B52600A4C66D /* EdgeInsets+Extensions.swift */ = {isa = PBXFileReference; lastKnownFileType = sourcecode.swift; path = "EdgeInsets+Extensions.swift"; sourceTree = "<group>"; };
		6D5964C12C10B55300A4C66D /* EdgeInsets+ExtensionsTests.swift */ = {isa = PBXFileReference; lastKnownFileType = sourcecode.swift; path = "EdgeInsets+ExtensionsTests.swift"; sourceTree = "<group>"; };
		6D59FB762BDA52BD00D0C087 /* Alerter.swift */ = {isa = PBXFileReference; lastKnownFileType = sourcecode.swift; path = Alerter.swift; sourceTree = "<group>"; };
		6D59FB792BDAE01300D0C087 /* CategoryDetailViewModel.swift */ = {isa = PBXFileReference; lastKnownFileType = sourcecode.swift; path = CategoryDetailViewModel.swift; sourceTree = "<group>"; };
		6D59FB7D2BDC013200D0C087 /* CategoryDetailController.swift */ = {isa = PBXFileReference; lastKnownFileType = sourcecode.swift; path = CategoryDetailController.swift; sourceTree = "<group>"; };
		6D59FB7F2BDC019B00D0C087 /* AppCategoryDetailController.swift */ = {isa = PBXFileReference; lastKnownFileType = sourcecode.swift; path = AppCategoryDetailController.swift; sourceTree = "<group>"; };
		6D59FB812BDD468100D0C087 /* PassionView.swift */ = {isa = PBXFileReference; lastKnownFileType = sourcecode.swift; path = PassionView.swift; sourceTree = "<group>"; };
		6D59FB832BDD46C500D0C087 /* PassionViewModel.swift */ = {isa = PBXFileReference; lastKnownFileType = sourcecode.swift; path = PassionViewModel.swift; sourceTree = "<group>"; };
		6D64E4ED2BF77BD600C18963 /* SessionController.swift */ = {isa = PBXFileReference; lastKnownFileType = sourcecode.swift; path = SessionController.swift; sourceTree = "<group>"; };
		6D64E4EF2BF77C3F00C18963 /* AppSessionController.swift */ = {isa = PBXFileReference; lastKnownFileType = sourcecode.swift; path = AppSessionController.swift; sourceTree = "<group>"; };
		6D698C9E2BE4E6C400A8FFD5 /* CategoriesListUIState.swift */ = {isa = PBXFileReference; lastKnownFileType = sourcecode.swift; path = CategoriesListUIState.swift; sourceTree = "<group>"; };
		6D698CA02BE4EF1E00A8FFD5 /* CategoriesListScreen.swift */ = {isa = PBXFileReference; lastKnownFileType = sourcecode.swift; path = CategoriesListScreen.swift; sourceTree = "<group>"; };
		6DB500DD2BFFDF0A004DA8C5 /* AlertConfirmation.swift */ = {isa = PBXFileReference; lastKnownFileType = sourcecode.swift; path = AlertConfirmation.swift; sourceTree = "<group>"; };
		6DB501062C0105A0004DA8C5 /* PassionColorPickerView.swift */ = {isa = PBXFileReference; lastKnownFileType = sourcecode.swift; path = PassionColorPickerView.swift; sourceTree = "<group>"; };
		6DB501092C01081B004DA8C5 /* Color+Extensions.swift */ = {isa = PBXFileReference; lastKnownFileType = sourcecode.swift; path = "Color+Extensions.swift"; sourceTree = "<group>"; };
		6DB5010E2C03BB3C004DA8C5 /* DBCollectionKeys.swift */ = {isa = PBXFileReference; lastKnownFileType = sourcecode.swift; path = DBCollectionKeys.swift; sourceTree = "<group>"; };
		6DB501142C03C4E9004DA8C5 /* PassionRecord.swift */ = {isa = PBXFileReference; lastKnownFileType = sourcecode.swift; path = PassionRecord.swift; sourceTree = "<group>"; };
		6DC39E8E2C0B67A40061FFBE /* GoogleAuthenticator.swift */ = {isa = PBXFileReference; lastKnownFileType = sourcecode.swift; path = GoogleAuthenticator.swift; sourceTree = "<group>"; };
		6DC39E942C0B6DCA0061FFBE /* AppRootViewModel.swift */ = {isa = PBXFileReference; lastKnownFileType = sourcecode.swift; path = AppRootViewModel.swift; sourceTree = "<group>"; };
		6DC39E962C0B6DEC0061FFBE /* AppRootUIState.swift */ = {isa = PBXFileReference; lastKnownFileType = sourcecode.swift; path = AppRootUIState.swift; sourceTree = "<group>"; };
		6DC39E9B2C0B87000061FFBE /* AuthenticationScreen.swift */ = {isa = PBXFileReference; lastKnownFileType = sourcecode.swift; path = AuthenticationScreen.swift; sourceTree = "<group>"; };
		6DC39E9D2C0B87130061FFBE /* AuthenticationView.swift */ = {isa = PBXFileReference; lastKnownFileType = sourcecode.swift; path = AuthenticationView.swift; sourceTree = "<group>"; };
		6DC39E9F2C0B872D0061FFBE /* AuthenticationUIState.swift */ = {isa = PBXFileReference; lastKnownFileType = sourcecode.swift; path = AuthenticationUIState.swift; sourceTree = "<group>"; };
		6DC39EA12C0B874A0061FFBE /* AuthenticationViewModel.swift */ = {isa = PBXFileReference; lastKnownFileType = sourcecode.swift; path = AuthenticationViewModel.swift; sourceTree = "<group>"; };
		6DC39EA42C0B88210061FFBE /* GoogleSignInButton.swift */ = {isa = PBXFileReference; lastKnownFileType = sourcecode.swift; path = GoogleSignInButton.swift; sourceTree = "<group>"; };
		6DE73CD52BE296F200DB3106 /* NewPassionView.swift */ = {isa = PBXFileReference; lastKnownFileType = sourcecode.swift; path = NewPassionView.swift; sourceTree = "<group>"; };
		6DE73CD82BE2A64800DB3106 /* NewPassionViewModel.swift */ = {isa = PBXFileReference; lastKnownFileType = sourcecode.swift; path = NewPassionViewModel.swift; sourceTree = "<group>"; };
		6DE73CDA2BE2A66100DB3106 /* NewPassionUIState.swift */ = {isa = PBXFileReference; lastKnownFileType = sourcecode.swift; path = NewPassionUIState.swift; sourceTree = "<group>"; };
		6DE73CDC2BE2A67E00DB3106 /* NewPassionScreen.swift */ = {isa = PBXFileReference; lastKnownFileType = sourcecode.swift; path = NewPassionScreen.swift; sourceTree = "<group>"; };
		6DE73CDE2BE2A6A200DB3106 /* CategoryDetailScreen.swift */ = {isa = PBXFileReference; lastKnownFileType = sourcecode.swift; path = CategoryDetailScreen.swift; sourceTree = "<group>"; };
		6DE73CE12BE2A6E700DB3106 /* CategoryDetailUIState.swift */ = {isa = PBXFileReference; lastKnownFileType = sourcecode.swift; path = CategoryDetailUIState.swift; sourceTree = "<group>"; };
/* End PBXFileReference section */

/* Begin PBXFrameworksBuildPhase section */
		6D36A8302BD3CDD700F238EC /* Frameworks */ = {
			isa = PBXFrameworksBuildPhase;
			buildActionMask = 2147483647;
			files = (
				6D37C6FF2BD665ED003B1DA0 /* Meteor in Frameworks */,
				6D7A7F7D2BEE492B0001F60A /* FirebaseFirestore in Frameworks */,
				6D7A7F7B2BEE492B0001F60A /* FirebaseAuth in Frameworks */,
				6D7A7F7F2BEE492B0001F60A /* FirebaseFirestoreCombine-Community in Frameworks */,
				6D37C6CA2BD51B5A003B1DA0 /* Factory in Frameworks */,
				6D7A7F812BEE492B0001F60A /* FirebaseFirestoreSwift in Frameworks */,
				6DC39E922C0B67CE0061FFBE /* GoogleSignIn in Frameworks */,
			);
			runOnlyForDeploymentPostprocessing = 0;
		};
		6D36A8402BD3CDD800F238EC /* Frameworks */ = {
			isa = PBXFrameworksBuildPhase;
			buildActionMask = 2147483647;
			files = (
			);
			runOnlyForDeploymentPostprocessing = 0;
		};
/* End PBXFrameworksBuildPhase section */

/* Begin PBXGroup section */
		6D2614122BFB5FD000A934DE /* Alerts */ = {
			isa = PBXGroup;
			children = (
				6DB500DD2BFFDF0A004DA8C5 /* AlertConfirmation.swift */,
				6D2614132BFB5FEC00A934DE /* AlertError.swift */,
				6D2614152BFB604A00A934DE /* AlertHint.swift */,
				6DB501542C04E5E0004DA8C5 /* Alerter */,
				6D2614192BFB647E00A934DE /* AppAlert */,
			);
			path = Alerts;
			sourceTree = "<group>";
		};
		6D2614192BFB647E00A934DE /* AppAlert */ = {
			isa = PBXGroup;
			children = (
				6D2614172BFB640000A934DE /* BaseAlertType.swift */,
				6D26141A2BFB691000A934DE /* AppAlert.swift */,
			);
			path = AppAlert;
			sourceTree = "<group>";
		};
		6D36A82A2BD3CDD700F238EC = {
			isa = PBXGroup;
			children = (
				6D36A8352BD3CDD700F238EC /* FeedYourPassions */,
				6D36A8462BD3CDD800F238EC /* FeedYourPassionsTests */,
				6D36A8342BD3CDD700F238EC /* Products */,
				6D37C6FD2BD665ED003B1DA0 /* Frameworks */,
			);
			sourceTree = "<group>";
		};
		6D36A8342BD3CDD700F238EC /* Products */ = {
			isa = PBXGroup;
			children = (
				6D36A8332BD3CDD700F238EC /* Grouap.app */,
				6D36A8432BD3CDD800F238EC /* FeedYourPassionsTests.xctest */,
			);
			name = Products;
			sourceTree = "<group>";
		};
		6D36A8352BD3CDD700F238EC /* FeedYourPassions */ = {
			isa = PBXGroup;
			children = (
				6D5964B02C109B6F00A4C66D /* Info.plist */,
				6D37C6AD2BD4024F003B1DA0 /* Commons */,
				6D37C6CB2BD51BB5003B1DA0 /* Controllers */,
				6DB5010B2C03BAC2004DA8C5 /* Network */,
				6DB501102C03BD42004DA8C5 /* Resources */,
				6D36A8602BD3D31E00F238EC /* Screens */,
			);
			path = FeedYourPassions;
			sourceTree = "<group>";
		};
		6D36A8462BD3CDD800F238EC /* FeedYourPassionsTests */ = {
			isa = PBXGroup;
			children = (
				6D5964BF2C10B53D00A4C66D /* Commons */,
				6D37C6BF2BD42D5E003B1DA0 /* Screens */,
			);
			path = FeedYourPassionsTests;
			sourceTree = "<group>";
		};
		6D36A8602BD3D31E00F238EC /* Screens */ = {
			isa = PBXGroup;
			children = (
				6D37C6B62BD41144003B1DA0 /* AppMain */,
				6DC39E982C0B86BB0061FFBE /* Authentication */,
				6D36A8612BD3D32200F238EC /* CategoriesList */,
				6D37C7122BD7962C003B1DA0 /* CategoryDetail */,
				6DE73CD32BE296CB00DB3106 /* NewPassion */,
				6D5964B22C109FC100A4C66D /* Settings */,
			);
			path = Screens;
			sourceTree = "<group>";
		};
		6D36A8612BD3D32200F238EC /* CategoriesList */ = {
			isa = PBXGroup;
			children = (
				6DE73CE32BE2A91D00DB3106 /* ViewModel */,
				6D36A8622BD3D33300F238EC /* Views */,
			);
			path = CategoriesList;
			sourceTree = "<group>";
		};
		6D36A8622BD3D33300F238EC /* Views */ = {
			isa = PBXGroup;
			children = (
				6D698CA02BE4EF1E00A8FFD5 /* CategoriesListScreen.swift */,
				6D36A8382BD3CDD700F238EC /* CategoriesListView.swift */,
				6D37C6B72BD416A8003B1DA0 /* CategoryView */,
			);
			path = Views;
			sourceTree = "<group>";
		};
		6D36A8652BD3D36C00F238EC /* RemoteModels */ = {
			isa = PBXGroup;
			children = (
				6D37C6F92BD66532003B1DA0 /* Passion.swift */,
				6D37C6FA2BD66532003B1DA0 /* PassionCategory.swift */,
				6DB501142C03C4E9004DA8C5 /* PassionRecord.swift */,
			);
			path = RemoteModels;
			sourceTree = "<group>";
		};
		6D37C6AD2BD4024F003B1DA0 /* Commons */ = {
			isa = PBXGroup;
			children = (
				6D5964C32C10B5E900A4C66D /* Utilities */,
				6DB501082C010810004DA8C5 /* Extensions */,
				6DB5010C2C03BAD3004DA8C5 /* Models */,
			);
			path = Commons;
			sourceTree = "<group>";
		};
		6D37C6B62BD41144003B1DA0 /* AppMain */ = {
			isa = PBXGroup;
			children = (
				6DC39E932C0B6DBA0061FFBE /* ViewModel */,
				6D37C71D2BD7AEA5003B1DA0 /* Views */,
			);
			path = AppMain;
			sourceTree = "<group>";
		};
		6D37C6B72BD416A8003B1DA0 /* CategoryView */ = {
			isa = PBXGroup;
			children = (
				6D37C6B82BD416C9003B1DA0 /* CategoryView.swift */,
			);
			path = CategoryView;
			sourceTree = "<group>";
		};
		6D37C6BF2BD42D5E003B1DA0 /* Screens */ = {
			isa = PBXGroup;
			children = (
				6D37C6C02BD42D65003B1DA0 /* PassionsGroups */,
			);
			path = Screens;
			sourceTree = "<group>";
		};
		6D37C6C02BD42D65003B1DA0 /* PassionsGroups */ = {
			isa = PBXGroup;
			children = (
				6D37C6C12BD42D6C003B1DA0 /* View */,
			);
			path = PassionsGroups;
			sourceTree = "<group>";
		};
		6D37C6C12BD42D6C003B1DA0 /* View */ = {
			isa = PBXGroup;
			children = (
				6D37C6C62BD42DC8003B1DA0 /* CategoriesListViewModelTests.swift */,
			);
			path = View;
			sourceTree = "<group>";
		};
		6D37C6CB2BD51BB5003B1DA0 /* Controllers */ = {
			isa = PBXGroup;
			children = (
				6D37C6CC2BD51BC9003B1DA0 /* CategoriesController */,
				6D37C7162BD79709003B1DA0 /* CategoryDetailController */,
				6D64E4EC2BF77BCA00C18963 /* SessionController */,
			);
			path = Controllers;
			sourceTree = "<group>";
		};
		6D37C6CC2BD51BC9003B1DA0 /* CategoriesController */ = {
			isa = PBXGroup;
			children = (
				6D37C6CD2BD51BD4003B1DA0 /* CategoriesController.swift */,
				6D37C6CF2BD51C07003B1DA0 /* AppCategoriesController.swift */,
			);
			path = CategoriesController;
			sourceTree = "<group>";
		};
		6D37C6FD2BD665ED003B1DA0 /* Frameworks */ = {
			isa = PBXGroup;
			children = (
			);
			name = Frameworks;
			sourceTree = "<group>";
		};
		6D37C7122BD7962C003B1DA0 /* CategoryDetail */ = {
			isa = PBXGroup;
			children = (
				6DE73CE02BE2A6D200DB3106 /* ViewModel */,
				6D37C7132BD79649003B1DA0 /* Views */,
			);
			path = CategoryDetail;
			sourceTree = "<group>";
		};
		6D37C7132BD79649003B1DA0 /* Views */ = {
			isa = PBXGroup;
			children = (
				6DE73CDE2BE2A6A200DB3106 /* CategoryDetailScreen.swift */,
				6D37C7142BD79658003B1DA0 /* CategoryDetailView.swift */,
				6DB501052C01058E004DA8C5 /* PassionColorPickerView */,
				6D59FB7C2BDAE06400D0C087 /* PassionView */,
			);
			path = Views;
			sourceTree = "<group>";
		};
		6D37C7162BD79709003B1DA0 /* CategoryDetailController */ = {
			isa = PBXGroup;
			children = (
				6D59FB7D2BDC013200D0C087 /* CategoryDetailController.swift */,
				6D59FB7F2BDC019B00D0C087 /* AppCategoryDetailController.swift */,
			);
			path = CategoryDetailController;
			sourceTree = "<group>";
		};
		6D37C71D2BD7AEA5003B1DA0 /* Views */ = {
			isa = PBXGroup;
			children = (
				6D36A8362BD3CDD700F238EC /* FeedYourPassionsApp.swift */,
			);
			path = Views;
			sourceTree = "<group>";
		};
		6D5964A92C10849000A4C66D /* ExternalLinkProvider */ = {
			isa = PBXGroup;
			children = (
				6D5964AC2C1084DF00A4C66D /* ExternalLinkProvider.swift */,
			);
			path = ExternalLinkProvider;
			sourceTree = "<group>";
		};
		6D5964B22C109FC100A4C66D /* Settings */ = {
			isa = PBXGroup;
			children = (
				6D5964B42C10A00300A4C66D /* ViewModel */,
				6D5964B32C109FD200A4C66D /* Views */,
			);
			path = Settings;
			sourceTree = "<group>";
		};
		6D5964B32C109FD200A4C66D /* Views */ = {
			isa = PBXGroup;
			children = (
				6D5964B92C10A51800A4C66D /* SettingsScreen.swift */,
				6D5964BB2C10A53300A4C66D /* SettingsView.swift */,
			);
			path = Views;
			sourceTree = "<group>";
		};
		6D5964B42C10A00300A4C66D /* ViewModel */ = {
			isa = PBXGroup;
			children = (
				6D5964B52C10A03200A4C66D /* SettingsUIState.swift */,
				6D5964B72C10A2E600A4C66D /* SettingsViewModel.swift */,
			);
			path = ViewModel;
			sourceTree = "<group>";
		};
		6D5964BF2C10B53D00A4C66D /* Commons */ = {
			isa = PBXGroup;
			children = (
				6D5964C02C10B54200A4C66D /* Extensions */,
			);
			path = Commons;
			sourceTree = "<group>";
		};
		6D5964C02C10B54200A4C66D /* Extensions */ = {
			isa = PBXGroup;
			children = (
				6D5964C12C10B55300A4C66D /* EdgeInsets+ExtensionsTests.swift */,
			);
			path = Extensions;
			sourceTree = "<group>";
		};
		6D5964C32C10B5E900A4C66D /* Utilities */ = {
			isa = PBXGroup;
			children = (
				6D2614122BFB5FD000A934DE /* Alerts */,
				6D5964A92C10849000A4C66D /* ExternalLinkProvider */,
			);
			path = Utilities;
			sourceTree = "<group>";
		};
		6D59FB7C2BDAE06400D0C087 /* PassionView */ = {
			isa = PBXGroup;
			children = (
				6D59FB812BDD468100D0C087 /* PassionView.swift */,
				6D59FB832BDD46C500D0C087 /* PassionViewModel.swift */,
			);
			path = PassionView;
			sourceTree = "<group>";
		};
		6D64E4EC2BF77BCA00C18963 /* SessionController */ = {
			isa = PBXGroup;
			children = (
				6DC39E8D2C0B67960061FFBE /* Authenticators */,
				6D64E4ED2BF77BD600C18963 /* SessionController.swift */,
				6D64E4EF2BF77C3F00C18963 /* AppSessionController.swift */,
			);
			path = SessionController;
			sourceTree = "<group>";
		};
		6DB501052C01058E004DA8C5 /* PassionColorPickerView */ = {
			isa = PBXGroup;
			children = (
				6DB501062C0105A0004DA8C5 /* PassionColorPickerView.swift */,
			);
			path = PassionColorPickerView;
			sourceTree = "<group>";
		};
		6DB501082C010810004DA8C5 /* Extensions */ = {
			isa = PBXGroup;
			children = (
				6DB501092C01081B004DA8C5 /* Color+Extensions.swift */,
				6D5964BD2C10B52600A4C66D /* EdgeInsets+Extensions.swift */,
				6D5964A72C10833200A4C66D /* String+Extensions.swift */,
			);
			path = Extensions;
			sourceTree = "<group>";
		};
		6DB5010B2C03BAC2004DA8C5 /* Network */ = {
			isa = PBXGroup;
			children = (
				6DB5010D2C03BB2D004DA8C5 /* DBCollectionKeys */,
				6D36A8652BD3D36C00F238EC /* RemoteModels */,
			);
			path = Network;
			sourceTree = "<group>";
		};
		6DB5010C2C03BAD3004DA8C5 /* Models */ = {
			isa = PBXGroup;
			children = (
				6D37C71B2BD79901003B1DA0 /* AsyncResource.swift */,
			);
			path = Models;
			sourceTree = "<group>";
		};
		6DB5010D2C03BB2D004DA8C5 /* DBCollectionKeys */ = {
			isa = PBXGroup;
			children = (
				6DB5010E2C03BB3C004DA8C5 /* DBCollectionKeys.swift */,
			);
			path = DBCollectionKeys;
			sourceTree = "<group>";
		};
		6DB501102C03BD42004DA8C5 /* Resources */ = {
			isa = PBXGroup;
			children = (
				6D3559DA2C11B0ED001E4E9F /* GoogleService-Info.plist */,
				6D36A83A2BD3CDD800F238EC /* Assets.xcassets */,
			);
			path = Resources;
			sourceTree = "<group>";
		};
		6DB501542C04E5E0004DA8C5 /* Alerter */ = {
			isa = PBXGroup;
			children = (
				6D59FB762BDA52BD00D0C087 /* Alerter.swift */,
			);
			path = Alerter;
			sourceTree = "<group>";
		};
		6DC39E8D2C0B67960061FFBE /* Authenticators */ = {
			isa = PBXGroup;
			children = (
				6DC39E8E2C0B67A40061FFBE /* GoogleAuthenticator.swift */,
			);
			path = Authenticators;
			sourceTree = "<group>";
		};
		6DC39E932C0B6DBA0061FFBE /* ViewModel */ = {
			isa = PBXGroup;
			children = (
				6DC39E942C0B6DCA0061FFBE /* AppRootViewModel.swift */,
				6DC39E962C0B6DEC0061FFBE /* AppRootUIState.swift */,
			);
			path = ViewModel;
			sourceTree = "<group>";
		};
		6DC39E982C0B86BB0061FFBE /* Authentication */ = {
			isa = PBXGroup;
			children = (
				6DC39E992C0B86C40061FFBE /* ViewModel */,
				6DC39E9A2C0B86C90061FFBE /* Views */,
			);
			path = Authentication;
			sourceTree = "<group>";
		};
		6DC39E992C0B86C40061FFBE /* ViewModel */ = {
			isa = PBXGroup;
			children = (
				6DC39E9F2C0B872D0061FFBE /* AuthenticationUIState.swift */,
				6DC39EA12C0B874A0061FFBE /* AuthenticationViewModel.swift */,
			);
			path = ViewModel;
			sourceTree = "<group>";
		};
		6DC39E9A2C0B86C90061FFBE /* Views */ = {
			isa = PBXGroup;
			children = (
				6D5964A52C10748500A4C66D /* AuthenticationForm.swift */,
				6DC39E9B2C0B87000061FFBE /* AuthenticationScreen.swift */,
				6DC39E9D2C0B87130061FFBE /* AuthenticationView.swift */,
				6DC39EA32C0B88090061FFBE /* GoogleSignInButton */,
			);
			path = Views;
			sourceTree = "<group>";
		};
		6DC39EA32C0B88090061FFBE /* GoogleSignInButton */ = {
			isa = PBXGroup;
			children = (
				6DC39EA42C0B88210061FFBE /* GoogleSignInButton.swift */,
			);
			path = GoogleSignInButton;
			sourceTree = "<group>";
		};
		6DE73CD32BE296CB00DB3106 /* NewPassion */ = {
			isa = PBXGroup;
			children = (
				6DE73CD72BE2A63B00DB3106 /* ViewModel */,
				6DE73CD42BE296E100DB3106 /* Views */,
			);
			path = NewPassion;
			sourceTree = "<group>";
		};
		6DE73CD42BE296E100DB3106 /* Views */ = {
			isa = PBXGroup;
			children = (
				6DE73CDC2BE2A67E00DB3106 /* NewPassionScreen.swift */,
				6DE73CD52BE296F200DB3106 /* NewPassionView.swift */,
			);
			path = Views;
			sourceTree = "<group>";
		};
		6DE73CD72BE2A63B00DB3106 /* ViewModel */ = {
			isa = PBXGroup;
			children = (
				6DE73CDA2BE2A66100DB3106 /* NewPassionUIState.swift */,
				6DE73CD82BE2A64800DB3106 /* NewPassionViewModel.swift */,
			);
			path = ViewModel;
			sourceTree = "<group>";
		};
		6DE73CE02BE2A6D200DB3106 /* ViewModel */ = {
			isa = PBXGroup;
			children = (
				6DE73CE12BE2A6E700DB3106 /* CategoryDetailUIState.swift */,
				6D59FB792BDAE01300D0C087 /* CategoryDetailViewModel.swift */,
			);
			path = ViewModel;
			sourceTree = "<group>";
		};
		6DE73CE32BE2A91D00DB3106 /* ViewModel */ = {
			isa = PBXGroup;
			children = (
				6D698C9E2BE4E6C400A8FFD5 /* CategoriesListUIState.swift */,
				6D37C6C32BD42D94003B1DA0 /* CategoriesListViewModel.swift */,
			);
			path = ViewModel;
			sourceTree = "<group>";
		};
/* End PBXGroup section */

/* Begin PBXNativeTarget section */
		6D36A8322BD3CDD700F238EC /* FeedYourPassions */ = {
			isa = PBXNativeTarget;
			buildConfigurationList = 6D36A8572BD3CDD800F238EC /* Build configuration list for PBXNativeTarget "FeedYourPassions" */;
			buildPhases = (
				6D36A82F2BD3CDD700F238EC /* Sources */,
				6D36A8302BD3CDD700F238EC /* Frameworks */,
				6D36A8312BD3CDD700F238EC /* Resources */,
			);
			buildRules = (
			);
			dependencies = (
			);
			name = FeedYourPassions;
			packageProductDependencies = (
				6D37C6C92BD51B5A003B1DA0 /* Factory */,
				6D37C6FE2BD665ED003B1DA0 /* Meteor */,
				6D7A7F7A2BEE492B0001F60A /* FirebaseAuth */,
				6D7A7F7C2BEE492B0001F60A /* FirebaseFirestore */,
				6D7A7F7E2BEE492B0001F60A /* FirebaseFirestoreCombine-Community */,
				6D7A7F802BEE492B0001F60A /* FirebaseFirestoreSwift */,
				6DC39E912C0B67CE0061FFBE /* GoogleSignIn */,
			);
			productName = FeedYourPassions;
			productReference = 6D36A8332BD3CDD700F238EC /* Grouap.app */;
			productType = "com.apple.product-type.application";
		};
		6D36A8422BD3CDD800F238EC /* FeedYourPassionsTests */ = {
			isa = PBXNativeTarget;
			buildConfigurationList = 6D36A85A2BD3CDD800F238EC /* Build configuration list for PBXNativeTarget "FeedYourPassionsTests" */;
			buildPhases = (
				6D36A83F2BD3CDD800F238EC /* Sources */,
				6D36A8402BD3CDD800F238EC /* Frameworks */,
				6D36A8412BD3CDD800F238EC /* Resources */,
			);
			buildRules = (
			);
			dependencies = (
				6D36A8452BD3CDD800F238EC /* PBXTargetDependency */,
			);
			name = FeedYourPassionsTests;
			productName = FeedYourPassionsTests;
			productReference = 6D36A8432BD3CDD800F238EC /* FeedYourPassionsTests.xctest */;
			productType = "com.apple.product-type.bundle.unit-test";
		};
/* End PBXNativeTarget section */

/* Begin PBXProject section */
		6D36A82B2BD3CDD700F238EC /* Project object */ = {
			isa = PBXProject;
			attributes = {
				BuildIndependentTargetsInParallel = 1;
				LastSwiftUpdateCheck = 1520;
				LastUpgradeCheck = 1520;
				TargetAttributes = {
					6D36A8322BD3CDD700F238EC = {
						CreatedOnToolsVersion = 15.2;
					};
					6D36A8422BD3CDD800F238EC = {
						CreatedOnToolsVersion = 15.2;
						TestTargetID = 6D36A8322BD3CDD700F238EC;
					};
				};
			};
			buildConfigurationList = 6D36A82E2BD3CDD700F238EC /* Build configuration list for PBXProject "FeedYourPassions" */;
			compatibilityVersion = "Xcode 14.0";
			developmentRegion = en;
			hasScannedForEncodings = 0;
			knownRegions = (
				en,
				Base,
			);
			mainGroup = 6D36A82A2BD3CDD700F238EC;
			packageReferences = (
				6D37C6C82BD51B5A003B1DA0 /* XCRemoteSwiftPackageReference "Factory" */,
				6D7A7F792BEE492B0001F60A /* XCRemoteSwiftPackageReference "firebase-ios-sdk" */,
				6D8A8B922C07162A0036D6AC /* XCRemoteSwiftPackageReference "MeteorDesignSystem" */,
				6DC39E902C0B67BD0061FFBE /* XCRemoteSwiftPackageReference "GoogleSignIn-iOS" */,
			);
			productRefGroup = 6D36A8342BD3CDD700F238EC /* Products */;
			projectDirPath = "";
			projectRoot = "";
			targets = (
				6D36A8322BD3CDD700F238EC /* FeedYourPassions */,
				6D36A8422BD3CDD800F238EC /* FeedYourPassionsTests */,
			);
		};
/* End PBXProject section */

/* Begin PBXResourcesBuildPhase section */
		6D36A8312BD3CDD700F238EC /* Resources */ = {
			isa = PBXResourcesBuildPhase;
			buildActionMask = 2147483647;
			files = (
				6D36A83B2BD3CDD800F238EC /* Assets.xcassets in Resources */,
				6D3559DB2C11B0ED001E4E9F /* GoogleService-Info.plist in Resources */,
			);
			runOnlyForDeploymentPostprocessing = 0;
		};
		6D36A8412BD3CDD800F238EC /* Resources */ = {
			isa = PBXResourcesBuildPhase;
			buildActionMask = 2147483647;
			files = (
			);
			runOnlyForDeploymentPostprocessing = 0;
		};
/* End PBXResourcesBuildPhase section */

/* Begin PBXSourcesBuildPhase section */
		6D36A82F2BD3CDD700F238EC /* Sources */ = {
			isa = PBXSourcesBuildPhase;
			buildActionMask = 2147483647;
			files = (
				6D5964AD2C1084DF00A4C66D /* ExternalLinkProvider.swift in Sources */,
				6D59FB822BDD468100D0C087 /* PassionView.swift in Sources */,
				6D2614182BFB640000A934DE /* BaseAlertType.swift in Sources */,
				6D5964A82C10833200A4C66D /* String+Extensions.swift in Sources */,
				6D2614162BFB604A00A934DE /* AlertHint.swift in Sources */,
				6DE73CD92BE2A64800DB3106 /* NewPassionViewModel.swift in Sources */,
				6DC39E9C2C0B87000061FFBE /* AuthenticationScreen.swift in Sources */,
				6D37C71C2BD79901003B1DA0 /* AsyncResource.swift in Sources */,
				6D59FB842BDD46C500D0C087 /* PassionViewModel.swift in Sources */,
				6D64E4EE2BF77BD600C18963 /* SessionController.swift in Sources */,
				6DE73CE22BE2A6E700DB3106 /* CategoryDetailUIState.swift in Sources */,
				6D26141B2BFB691000A934DE /* AppAlert.swift in Sources */,
				6DB501152C03C4E9004DA8C5 /* PassionRecord.swift in Sources */,
				6DB5010F2C03BB3C004DA8C5 /* DBCollectionKeys.swift in Sources */,
				6D37C6B92BD416C9003B1DA0 /* CategoryView.swift in Sources */,
				6DE73CDF2BE2A6A200DB3106 /* CategoryDetailScreen.swift in Sources */,
				6D5964B62C10A03200A4C66D /* SettingsUIState.swift in Sources */,
				6DC39E9E2C0B87130061FFBE /* AuthenticationView.swift in Sources */,
				6DB500DE2BFFDF0A004DA8C5 /* AlertConfirmation.swift in Sources */,
				6DB501072C0105A0004DA8C5 /* PassionColorPickerView.swift in Sources */,
				6D37C6FC2BD66532003B1DA0 /* PassionCategory.swift in Sources */,
				6DE73CDB2BE2A66100DB3106 /* NewPassionUIState.swift in Sources */,
				6DC39EA02C0B872D0061FFBE /* AuthenticationUIState.swift in Sources */,
				6D59FB802BDC019B00D0C087 /* AppCategoryDetailController.swift in Sources */,
				6D5964BE2C10B52600A4C66D /* EdgeInsets+Extensions.swift in Sources */,
				6DE73CDD2BE2A67E00DB3106 /* NewPassionScreen.swift in Sources */,
				6DC39EA52C0B88210061FFBE /* GoogleSignInButton.swift in Sources */,
				6DC39E972C0B6DEC0061FFBE /* AppRootUIState.swift in Sources */,
				6D5964B82C10A2E600A4C66D /* SettingsViewModel.swift in Sources */,
				6D5964BA2C10A51800A4C66D /* SettingsScreen.swift in Sources */,
				6D37C6CE2BD51BD4003B1DA0 /* CategoriesController.swift in Sources */,
				6D2614142BFB5FEC00A934DE /* AlertError.swift in Sources */,
				6D37C6FB2BD66532003B1DA0 /* Passion.swift in Sources */,
				6DB5010A2C01081B004DA8C5 /* Color+Extensions.swift in Sources */,
				6D64E4F02BF77C3F00C18963 /* AppSessionController.swift in Sources */,
				6D36A8392BD3CDD700F238EC /* CategoriesListView.swift in Sources */,
				6D698C9F2BE4E6C400A8FFD5 /* CategoriesListUIState.swift in Sources */,
				6DC39EA22C0B874A0061FFBE /* AuthenticationViewModel.swift in Sources */,
				6D59FB7A2BDAE01300D0C087 /* CategoryDetailViewModel.swift in Sources */,
				6D5964BC2C10A53300A4C66D /* SettingsView.swift in Sources */,
				6D37C7152BD79658003B1DA0 /* CategoryDetailView.swift in Sources */,
				6D37C6D02BD51C07003B1DA0 /* AppCategoriesController.swift in Sources */,
				6D5964A62C10748500A4C66D /* AuthenticationForm.swift in Sources */,
				6D698CA12BE4EF1E00A8FFD5 /* CategoriesListScreen.swift in Sources */,
				6D59FB7E2BDC013200D0C087 /* CategoryDetailController.swift in Sources */,
				6DC39E952C0B6DCA0061FFBE /* AppRootViewModel.swift in Sources */,
				6D59FB772BDA52BD00D0C087 /* Alerter.swift in Sources */,
				6DC39E8F2C0B67A40061FFBE /* GoogleAuthenticator.swift in Sources */,
				6DE73CD62BE296F200DB3106 /* NewPassionView.swift in Sources */,
				6D36A8372BD3CDD700F238EC /* FeedYourPassionsApp.swift in Sources */,
				6D37C6C42BD42D94003B1DA0 /* CategoriesListViewModel.swift in Sources */,
			);
			runOnlyForDeploymentPostprocessing = 0;
		};
		6D36A83F2BD3CDD800F238EC /* Sources */ = {
			isa = PBXSourcesBuildPhase;
			buildActionMask = 2147483647;
			files = (
				6D5964C22C10B55300A4C66D /* EdgeInsets+ExtensionsTests.swift in Sources */,
				6D37C6C72BD42DC8003B1DA0 /* CategoriesListViewModelTests.swift in Sources */,
			);
			runOnlyForDeploymentPostprocessing = 0;
		};
/* End PBXSourcesBuildPhase section */

/* Begin PBXTargetDependency section */
		6D36A8452BD3CDD800F238EC /* PBXTargetDependency */ = {
			isa = PBXTargetDependency;
			target = 6D36A8322BD3CDD700F238EC /* FeedYourPassions */;
			targetProxy = 6D36A8442BD3CDD800F238EC /* PBXContainerItemProxy */;
		};
/* End PBXTargetDependency section */

/* Begin XCBuildConfiguration section */
		6D36A8552BD3CDD800F238EC /* Debug */ = {
			isa = XCBuildConfiguration;
			buildSettings = {
				ALWAYS_SEARCH_USER_PATHS = NO;
				ASSETCATALOG_COMPILER_GENERATE_SWIFT_ASSET_SYMBOL_EXTENSIONS = YES;
				CLANG_ANALYZER_NONNULL = YES;
				CLANG_ANALYZER_NUMBER_OBJECT_CONVERSION = YES_AGGRESSIVE;
				CLANG_CXX_LANGUAGE_STANDARD = "gnu++20";
				CLANG_ENABLE_MODULES = YES;
				CLANG_ENABLE_OBJC_ARC = YES;
				CLANG_ENABLE_OBJC_WEAK = YES;
				CLANG_WARN_BLOCK_CAPTURE_AUTORELEASING = YES;
				CLANG_WARN_BOOL_CONVERSION = YES;
				CLANG_WARN_COMMA = YES;
				CLANG_WARN_CONSTANT_CONVERSION = YES;
				CLANG_WARN_DEPRECATED_OBJC_IMPLEMENTATIONS = YES;
				CLANG_WARN_DIRECT_OBJC_ISA_USAGE = YES_ERROR;
				CLANG_WARN_DOCUMENTATION_COMMENTS = YES;
				CLANG_WARN_EMPTY_BODY = YES;
				CLANG_WARN_ENUM_CONVERSION = YES;
				CLANG_WARN_INFINITE_RECURSION = YES;
				CLANG_WARN_INT_CONVERSION = YES;
				CLANG_WARN_NON_LITERAL_NULL_CONVERSION = YES;
				CLANG_WARN_OBJC_IMPLICIT_RETAIN_SELF = YES;
				CLANG_WARN_OBJC_LITERAL_CONVERSION = YES;
				CLANG_WARN_OBJC_ROOT_CLASS = YES_ERROR;
				CLANG_WARN_QUOTED_INCLUDE_IN_FRAMEWORK_HEADER = YES;
				CLANG_WARN_RANGE_LOOP_ANALYSIS = YES;
				CLANG_WARN_STRICT_PROTOTYPES = YES;
				CLANG_WARN_SUSPICIOUS_MOVE = YES;
				CLANG_WARN_UNGUARDED_AVAILABILITY = YES_AGGRESSIVE;
				CLANG_WARN_UNREACHABLE_CODE = YES;
				CLANG_WARN__DUPLICATE_METHOD_MATCH = YES;
				COPY_PHASE_STRIP = NO;
				DEBUG_INFORMATION_FORMAT = dwarf;
				ENABLE_STRICT_OBJC_MSGSEND = YES;
				ENABLE_TESTABILITY = YES;
				ENABLE_USER_SCRIPT_SANDBOXING = YES;
				GCC_C_LANGUAGE_STANDARD = gnu17;
				GCC_DYNAMIC_NO_PIC = NO;
				GCC_NO_COMMON_BLOCKS = YES;
				GCC_OPTIMIZATION_LEVEL = 0;
				GCC_PREPROCESSOR_DEFINITIONS = (
					"DEBUG=1",
					"$(inherited)",
				);
				GCC_WARN_64_TO_32_BIT_CONVERSION = YES;
				GCC_WARN_ABOUT_RETURN_TYPE = YES_ERROR;
				GCC_WARN_UNDECLARED_SELECTOR = YES;
				GCC_WARN_UNINITIALIZED_AUTOS = YES_AGGRESSIVE;
				GCC_WARN_UNUSED_FUNCTION = YES;
				GCC_WARN_UNUSED_VARIABLE = YES;
				IPHONEOS_DEPLOYMENT_TARGET = 17.2;
				LOCALIZATION_PREFERS_STRING_CATALOGS = YES;
				MTL_ENABLE_DEBUG_INFO = INCLUDE_SOURCE;
				MTL_FAST_MATH = YES;
				ONLY_ACTIVE_ARCH = YES;
				SDKROOT = iphoneos;
				SWIFT_ACTIVE_COMPILATION_CONDITIONS = "DEBUG $(inherited)";
				SWIFT_OPTIMIZATION_LEVEL = "-Onone";
			};
			name = Debug;
		};
		6D36A8562BD3CDD800F238EC /* Release */ = {
			isa = XCBuildConfiguration;
			buildSettings = {
				ALWAYS_SEARCH_USER_PATHS = NO;
				ASSETCATALOG_COMPILER_GENERATE_SWIFT_ASSET_SYMBOL_EXTENSIONS = YES;
				CLANG_ANALYZER_NONNULL = YES;
				CLANG_ANALYZER_NUMBER_OBJECT_CONVERSION = YES_AGGRESSIVE;
				CLANG_CXX_LANGUAGE_STANDARD = "gnu++20";
				CLANG_ENABLE_MODULES = YES;
				CLANG_ENABLE_OBJC_ARC = YES;
				CLANG_ENABLE_OBJC_WEAK = YES;
				CLANG_WARN_BLOCK_CAPTURE_AUTORELEASING = YES;
				CLANG_WARN_BOOL_CONVERSION = YES;
				CLANG_WARN_COMMA = YES;
				CLANG_WARN_CONSTANT_CONVERSION = YES;
				CLANG_WARN_DEPRECATED_OBJC_IMPLEMENTATIONS = YES;
				CLANG_WARN_DIRECT_OBJC_ISA_USAGE = YES_ERROR;
				CLANG_WARN_DOCUMENTATION_COMMENTS = YES;
				CLANG_WARN_EMPTY_BODY = YES;
				CLANG_WARN_ENUM_CONVERSION = YES;
				CLANG_WARN_INFINITE_RECURSION = YES;
				CLANG_WARN_INT_CONVERSION = YES;
				CLANG_WARN_NON_LITERAL_NULL_CONVERSION = YES;
				CLANG_WARN_OBJC_IMPLICIT_RETAIN_SELF = YES;
				CLANG_WARN_OBJC_LITERAL_CONVERSION = YES;
				CLANG_WARN_OBJC_ROOT_CLASS = YES_ERROR;
				CLANG_WARN_QUOTED_INCLUDE_IN_FRAMEWORK_HEADER = YES;
				CLANG_WARN_RANGE_LOOP_ANALYSIS = YES;
				CLANG_WARN_STRICT_PROTOTYPES = YES;
				CLANG_WARN_SUSPICIOUS_MOVE = YES;
				CLANG_WARN_UNGUARDED_AVAILABILITY = YES_AGGRESSIVE;
				CLANG_WARN_UNREACHABLE_CODE = YES;
				CLANG_WARN__DUPLICATE_METHOD_MATCH = YES;
				COPY_PHASE_STRIP = NO;
				DEBUG_INFORMATION_FORMAT = "dwarf-with-dsym";
				ENABLE_NS_ASSERTIONS = NO;
				ENABLE_STRICT_OBJC_MSGSEND = YES;
				ENABLE_USER_SCRIPT_SANDBOXING = YES;
				GCC_C_LANGUAGE_STANDARD = gnu17;
				GCC_NO_COMMON_BLOCKS = YES;
				GCC_WARN_64_TO_32_BIT_CONVERSION = YES;
				GCC_WARN_ABOUT_RETURN_TYPE = YES_ERROR;
				GCC_WARN_UNDECLARED_SELECTOR = YES;
				GCC_WARN_UNINITIALIZED_AUTOS = YES_AGGRESSIVE;
				GCC_WARN_UNUSED_FUNCTION = YES;
				GCC_WARN_UNUSED_VARIABLE = YES;
				IPHONEOS_DEPLOYMENT_TARGET = 17.2;
				LOCALIZATION_PREFERS_STRING_CATALOGS = YES;
				MTL_ENABLE_DEBUG_INFO = NO;
				MTL_FAST_MATH = YES;
				SDKROOT = iphoneos;
				SWIFT_COMPILATION_MODE = wholemodule;
				VALIDATE_PRODUCT = YES;
			};
			name = Release;
		};
		6D36A8582BD3CDD800F238EC /* Debug */ = {
			isa = XCBuildConfiguration;
			buildSettings = {
				ASSETCATALOG_COMPILER_APPICON_NAME = AppIcon;
				ASSETCATALOG_COMPILER_GLOBAL_ACCENT_COLOR_NAME = AccentColor;
				CODE_SIGN_STYLE = Automatic;
				CURRENT_PROJECT_VERSION = 1;
				DEVELOPMENT_TEAM = 52APURX8D7;
				ENABLE_PREVIEWS = YES;
				GENERATE_INFOPLIST_FILE = YES;
				INFOPLIST_FILE = FeedYourPassions/Info.plist;
				INFOPLIST_KEY_LSApplicationCategoryType = "public.app-category.lifestyle";
				INFOPLIST_KEY_UIApplicationSceneManifest_Generation = YES;
				INFOPLIST_KEY_UIApplicationSupportsIndirectInputEvents = YES;
				INFOPLIST_KEY_UILaunchScreen_Generation = YES;
				INFOPLIST_KEY_UISupportedInterfaceOrientations_iPad = "UIInterfaceOrientationPortrait UIInterfaceOrientationPortraitUpsideDown UIInterfaceOrientationLandscapeLeft UIInterfaceOrientationLandscapeRight";
				INFOPLIST_KEY_UISupportedInterfaceOrientations_iPhone = "UIInterfaceOrientationPortrait UIInterfaceOrientationLandscapeLeft UIInterfaceOrientationLandscapeRight";
				IPHONEOS_DEPLOYMENT_TARGET = 17.0;
				LD_RUNPATH_SEARCH_PATHS = (
					"$(inherited)",
					"@executable_path/Frameworks",
				);
				MARKETING_VERSION = 1.0;
				PRODUCT_BUNDLE_IDENTIFIER = io.boer.zap.FeedYourPassions;
				PRODUCT_NAME = Grouap;
				SWIFT_EMIT_LOC_STRINGS = YES;
				SWIFT_VERSION = 5.0;
				TARGETED_DEVICE_FAMILY = "1,2";
			};
			name = Debug;
		};
		6D36A8592BD3CDD800F238EC /* Release */ = {
			isa = XCBuildConfiguration;
			buildSettings = {
				ASSETCATALOG_COMPILER_APPICON_NAME = AppIcon;
				ASSETCATALOG_COMPILER_GLOBAL_ACCENT_COLOR_NAME = AccentColor;
				CODE_SIGN_STYLE = Automatic;
				CURRENT_PROJECT_VERSION = 1;
				DEVELOPMENT_TEAM = 52APURX8D7;
				ENABLE_PREVIEWS = YES;
				GENERATE_INFOPLIST_FILE = YES;
				INFOPLIST_FILE = FeedYourPassions/Info.plist;
				INFOPLIST_KEY_LSApplicationCategoryType = "public.app-category.lifestyle";
				INFOPLIST_KEY_UIApplicationSceneManifest_Generation = YES;
				INFOPLIST_KEY_UIApplicationSupportsIndirectInputEvents = YES;
				INFOPLIST_KEY_UILaunchScreen_Generation = YES;
				INFOPLIST_KEY_UISupportedInterfaceOrientations_iPad = "UIInterfaceOrientationPortrait UIInterfaceOrientationPortraitUpsideDown UIInterfaceOrientationLandscapeLeft UIInterfaceOrientationLandscapeRight";
				INFOPLIST_KEY_UISupportedInterfaceOrientations_iPhone = "UIInterfaceOrientationPortrait UIInterfaceOrientationLandscapeLeft UIInterfaceOrientationLandscapeRight";
				IPHONEOS_DEPLOYMENT_TARGET = 17.0;
				LD_RUNPATH_SEARCH_PATHS = (
					"$(inherited)",
					"@executable_path/Frameworks",
				);
				MARKETING_VERSION = 1.0;
				PRODUCT_BUNDLE_IDENTIFIER = io.boer.zap.FeedYourPassions;
				PRODUCT_NAME = Grouap;
				SWIFT_EMIT_LOC_STRINGS = YES;
				SWIFT_VERSION = 5.0;
				TARGETED_DEVICE_FAMILY = "1,2";
			};
			name = Release;
		};
		6D36A85B2BD3CDD800F238EC /* Debug */ = {
			isa = XCBuildConfiguration;
			buildSettings = {
				ALWAYS_EMBED_SWIFT_STANDARD_LIBRARIES = YES;
				BUNDLE_LOADER = "$(TEST_HOST)";
				CODE_SIGN_STYLE = Automatic;
				CURRENT_PROJECT_VERSION = 1;
				DEVELOPMENT_TEAM = 52APURX8D7;
				GENERATE_INFOPLIST_FILE = YES;
				IPHONEOS_DEPLOYMENT_TARGET = 17.0;
				MARKETING_VERSION = 1.0;
				PRODUCT_BUNDLE_IDENTIFIER = io.boer.zap.FeedYourPassionsTests;
				PRODUCT_NAME = "$(TARGET_NAME)";
				SWIFT_EMIT_LOC_STRINGS = NO;
				SWIFT_VERSION = 5.0;
				TARGETED_DEVICE_FAMILY = "1,2";
				TEST_HOST = "$(BUILT_PRODUCTS_DIR)/Grouap.app/$(BUNDLE_EXECUTABLE_FOLDER_PATH)/Grouap";
			};
			name = Debug;
		};
		6D36A85C2BD3CDD800F238EC /* Release */ = {
			isa = XCBuildConfiguration;
			buildSettings = {
				ALWAYS_EMBED_SWIFT_STANDARD_LIBRARIES = YES;
				BUNDLE_LOADER = "$(TEST_HOST)";
				CODE_SIGN_STYLE = Automatic;
				CURRENT_PROJECT_VERSION = 1;
				DEVELOPMENT_TEAM = 52APURX8D7;
				GENERATE_INFOPLIST_FILE = YES;
				IPHONEOS_DEPLOYMENT_TARGET = 17.0;
				MARKETING_VERSION = 1.0;
				PRODUCT_BUNDLE_IDENTIFIER = io.boer.zap.FeedYourPassionsTests;
				PRODUCT_NAME = "$(TARGET_NAME)";
				SWIFT_EMIT_LOC_STRINGS = NO;
				SWIFT_VERSION = 5.0;
				TARGETED_DEVICE_FAMILY = "1,2";
				TEST_HOST = "$(BUILT_PRODUCTS_DIR)/Grouap.app/$(BUNDLE_EXECUTABLE_FOLDER_PATH)/Grouap";
			};
			name = Release;
		};
/* End XCBuildConfiguration section */

/* Begin XCConfigurationList section */
		6D36A82E2BD3CDD700F238EC /* Build configuration list for PBXProject "FeedYourPassions" */ = {
			isa = XCConfigurationList;
			buildConfigurations = (
				6D36A8552BD3CDD800F238EC /* Debug */,
				6D36A8562BD3CDD800F238EC /* Release */,
			);
			defaultConfigurationIsVisible = 0;
			defaultConfigurationName = Release;
		};
		6D36A8572BD3CDD800F238EC /* Build configuration list for PBXNativeTarget "FeedYourPassions" */ = {
			isa = XCConfigurationList;
			buildConfigurations = (
				6D36A8582BD3CDD800F238EC /* Debug */,
				6D36A8592BD3CDD800F238EC /* Release */,
			);
			defaultConfigurationIsVisible = 0;
			defaultConfigurationName = Release;
		};
		6D36A85A2BD3CDD800F238EC /* Build configuration list for PBXNativeTarget "FeedYourPassionsTests" */ = {
			isa = XCConfigurationList;
			buildConfigurations = (
				6D36A85B2BD3CDD800F238EC /* Debug */,
				6D36A85C2BD3CDD800F238EC /* Release */,
			);
			defaultConfigurationIsVisible = 0;
			defaultConfigurationName = Release;
		};
/* End XCConfigurationList section */

/* Begin XCRemoteSwiftPackageReference section */
		6D37C6C82BD51B5A003B1DA0 /* XCRemoteSwiftPackageReference "Factory" */ = {
			isa = XCRemoteSwiftPackageReference;
			repositoryURL = "https://github.com/hmlongco/Factory";
			requirement = {
				kind = upToNextMajorVersion;
				minimumVersion = 2.3.2;
			};
		};
		6D7A7F792BEE492B0001F60A /* XCRemoteSwiftPackageReference "firebase-ios-sdk" */ = {
			isa = XCRemoteSwiftPackageReference;
			repositoryURL = "https://github.com/firebase/firebase-ios-sdk.git";
			requirement = {
				kind = upToNextMajorVersion;
				minimumVersion = 10.25.0;
			};
		};
		6D8A8B922C07162A0036D6AC /* XCRemoteSwiftPackageReference "MeteorDesignSystem" */ = {
			isa = XCRemoteSwiftPackageReference;
			repositoryURL = "git@github.com:xxZap/MeteorDesignSystem.git";
			requirement = {
				branch = main;
				kind = branch;
			};
		};
		6DC39E902C0B67BD0061FFBE /* XCRemoteSwiftPackageReference "GoogleSignIn-iOS" */ = {
			isa = XCRemoteSwiftPackageReference;
			repositoryURL = "https://github.com/google/GoogleSignIn-iOS";
			requirement = {
				kind = upToNextMajorVersion;
				minimumVersion = 7.1.0;
			};
		};
/* End XCRemoteSwiftPackageReference section */

/* Begin XCSwiftPackageProductDependency section */
		6D37C6C92BD51B5A003B1DA0 /* Factory */ = {
			isa = XCSwiftPackageProductDependency;
			package = 6D37C6C82BD51B5A003B1DA0 /* XCRemoteSwiftPackageReference "Factory" */;
			productName = Factory;
		};
		6D37C6FE2BD665ED003B1DA0 /* Meteor */ = {
			isa = XCSwiftPackageProductDependency;
			productName = Meteor;
		};
		6D7A7F7A2BEE492B0001F60A /* FirebaseAuth */ = {
			isa = XCSwiftPackageProductDependency;
			package = 6D7A7F792BEE492B0001F60A /* XCRemoteSwiftPackageReference "firebase-ios-sdk" */;
			productName = FirebaseAuth;
		};
		6D7A7F7C2BEE492B0001F60A /* FirebaseFirestore */ = {
			isa = XCSwiftPackageProductDependency;
			package = 6D7A7F792BEE492B0001F60A /* XCRemoteSwiftPackageReference "firebase-ios-sdk" */;
			productName = FirebaseFirestore;
		};
		6D7A7F7E2BEE492B0001F60A /* FirebaseFirestoreCombine-Community */ = {
			isa = XCSwiftPackageProductDependency;
			package = 6D7A7F792BEE492B0001F60A /* XCRemoteSwiftPackageReference "firebase-ios-sdk" */;
			productName = "FirebaseFirestoreCombine-Community";
		};
		6D7A7F802BEE492B0001F60A /* FirebaseFirestoreSwift */ = {
			isa = XCSwiftPackageProductDependency;
			package = 6D7A7F792BEE492B0001F60A /* XCRemoteSwiftPackageReference "firebase-ios-sdk" */;
			productName = FirebaseFirestoreSwift;
		};
		6DC39E912C0B67CE0061FFBE /* GoogleSignIn */ = {
			isa = XCSwiftPackageProductDependency;
			package = 6DC39E902C0B67BD0061FFBE /* XCRemoteSwiftPackageReference "GoogleSignIn-iOS" */;
			productName = GoogleSignIn;
		};
/* End XCSwiftPackageProductDependency section */
	};
	rootObject = 6D36A82B2BD3CDD700F238EC /* Project object */;
}
